{
  "name": "man-z-bounce",
  "version": "1.0.0",
  "lockfileVersion": 3,
  "requires": true,
  "packages": {
    "": {
      "name": "man-z-bounce",
      "version": "1.0.0",
      "license": "ISC",
      "dependencies": {
        "@zerobounce/zero-bounce-sdk": "^1.1.0",
        "csv-parser": "^3.0.0",
        "dotenv": "^16.4.5",
        "node-range": "^0.1.0"
      }
    },
    "node_modules/@zerobounce/zero-bounce-sdk": {
      "version": "1.1.2",
      "resolved": "https://registry.npmjs.org/@zerobounce/zero-bounce-sdk/-/zero-bounce-sdk-1.1.2.tgz",
      "integrity": "sha512-gpeRjecIiY9YjO7GH4DXcHLZ9v4ifxAnDASmTKzDrHmTFodlckp78/HDUBsKRQZppZ5UmEslExBF1U47UAi56g==",
      "license": "ISC"
    },
    "node_modules/csv-parser": {
      "version": "3.2.0",
      "resolved": "https://registry.npmjs.org/csv-parser/-/csv-parser-3.2.0.tgz",
      "integrity": "sha512-fgKbp+AJbn1h2dcAHKIdKNSSjfp43BZZykXsCjzALjKy80VXQNHPFJ6T9Afwdzoj24aMkq8GwDS7KGcDPpejrA==",
      "license": "MIT",
      "bin": {
        "csv-parser": "bin/csv-parser"
      },
      "engines": {
        "node": ">= 10"
      }
    },
    "node_modules/dotenv": {
      "version": "16.4.7",
      "resolved": "https://registry.npmjs.org/dotenv/-/dotenv-16.4.7.tgz",
      "integrity": "sha512-47qPchRCykZC03FhkYAhrvwU4xDBFIj1QPqaarj6mdM/hgUzfPHcpkHJOn3mJAufFeeAxAzeGsr5X0M4k6fLZQ==",
      "license": "BSD-2-Clause",
      "engines": {
        "node": ">=12"
      },
      "funding": {
        "url": "https://dotenvx.com"
      }
    },
    "node_modules/node-range": {
      "version": "0.1.0",
      "resolved": "https://registry.npmjs.org/node-range/-/node-range-0.1.0.tgz",
      "integrity": "sha512-PDeKPSs41POAEanFqrzx0N6X4cLsm/Lys9dbIsTfwcCM9wQovNyAby6dQ6vuesxH6/LVqDaeWUQfecCyjiZDkQ==",
      "license": "MIT"
    }
  }
}
